// !$*UTF8*$!
{
	archiveVersion = 1;
	classes = {
	};
	objectVersion = 46;
	objects = {

/* Begin PBXBuildFile section */
		277CBFF81F326FEE00090B59 /* RecordWhistleViewController.swift in Sources */ = {isa = PBXBuildFile; fileRef = 277CBFF71F326FEE00090B59 /* RecordWhistleViewController.swift */; };
		27D01E911F31EFF10004E57E /* AppDelegate.swift in Sources */ = {isa = PBXBuildFile; fileRef = 27D01E901F31EFF10004E57E /* AppDelegate.swift */; };
		27D01E931F31EFF10004E57E /* ViewController.swift in Sources */ = {isa = PBXBuildFile; fileRef = 27D01E921F31EFF10004E57E /* ViewController.swift */; };
		27D01E961F31EFF10004E57E /* Main.storyboard in Resources */ = {isa = PBXBuildFile; fileRef = 27D01E941F31EFF10004E57E /* Main.storyboard */; };
		27D01E981F31EFF10004E57E /* Assets.xcassets in Resources */ = {isa = PBXBuildFile; fileRef = 27D01E971F31EFF10004E57E /* Assets.xcassets */; };
		27D01E9B1F31EFF10004E57E /* LaunchScreen.storyboard in Resources */ = {isa = PBXBuildFile; fileRef = 27D01E991F31EFF10004E57E /* LaunchScreen.storyboard */; };
/* End PBXBuildFile section */

/* Begin PBXFileReference section */
		277CBFF71F326FEE00090B59 /* RecordWhistleViewController.swift */ = {isa = PBXFileReference; fileEncoding = 4; lastKnownFileType = sourcecode.swift; path = RecordWhistleViewController.swift; sourceTree = "<group>"; };
		27D01E8D1F31EFF10004E57E /* Project33.app */ = {isa = PBXFileReference; explicitFileType = wrapper.application; includeInIndex = 0; path = Project33.app; sourceTree = BUILT_PRODUCTS_DIR; };
		27D01E901F31EFF10004E57E /* AppDelegate.swift */ = {isa = PBXFileReference; lastKnownFileType = sourcecode.swift; path = AppDelegate.swift; sourceTree = "<group>"; };
		27D01E921F31EFF10004E57E /* ViewController.swift */ = {isa = PBXFileReference; lastKnownFileType = sourcecode.swift; path = ViewController.swift; sourceTree = "<group>"; };
		27D01E951F31EFF10004E57E /* Base */ = {isa = PBXFileReference; lastKnownFileType = file.storyboard; name = Base; path = Base.lproj/Main.storyboard; sourceTree = "<group>"; };
		27D01E971F31EFF10004E57E /* Assets.xcassets */ = {isa = PBXFileReference; lastKnownFileType = folder.assetcatalog; path = Assets.xcassets; sourceTree = "<group>"; };
		27D01E9A1F31EFF10004E57E /* Base */ = {isa = PBXFileReference; lastKnownFileType = file.storyboard; name = Base; path = Base.lproj/LaunchScreen.storyboard; sourceTree = "<group>"; };
		27D01E9C1F31EFF10004E57E /* Info.plist */ = {isa = PBXFileReference; lastKnownFileType = text.plist.xml; path = Info.plist; sourceTree = "<group>"; };
/* End PBXFileReference section */

/* Begin PBXFrameworksBuildPhase section */
		27D01E8A1F31EFF10004E57E /* Frameworks */ = {
			isa = PBXFrameworksBuildPhase;
			buildActionMask = 2147483647;
			files = (
			);
			runOnlyForDeploymentPostprocessing = 0;
		};
/* End PBXFrameworksBuildPhase section */

/* Begin PBXGroup section */
		27D01E841F31EFF10004E57E = {
			isa = PBXGroup;
			children = (
				27D01E8F1F31EFF10004E57E /* Project33 */,
				27D01E8E1F31EFF10004E57E /* Products */,
			);
			sourceTree = "<group>";
		};
		27D01E8E1F31EFF10004E57E /* Products */ = {
			isa = PBXGroup;
			children = (
				27D01E8D1F31EFF10004E57E /* Project33.app */,
			);
			name = Products;
			sourceTree = "<group>";
		};
		27D01E8F1F31EFF10004E57E /* Project33 */ = {
			isa = PBXGroup;
			children = (
				27D01E901F31EFF10004E57E /* AppDelegate.swift */,
				27D01E921F31EFF10004E57E /* ViewController.swift */,
				277CBFF71F326FEE00090B59 /* RecordWhistleViewController.swift */,
				27D01E941F31EFF10004E57E /* Main.storyboard */,
				27D01E971F31EFF10004E57E /* Assets.xcassets */,
				27D01E991F31EFF10004E57E /* LaunchScreen.storyboard */,
				27D01E9C1F31EFF10004E57E /* Info.plist */,
			);
			path = Project33;
			sourceTree = "<group>";
		};
/* End PBXGroup section */

/* Begin PBXNativeTarget section */
		27D01E8C1F31EFF10004E57E /* Project33 */ = {
			isa = PBXNativeTarget;
			buildConfigurationList = 27D01E9F1F31EFF10004E57E /* Build configuration list for PBXNativeTarget "Project33" */;
			buildPhases = (
				27D01E891F31EFF10004E57E /* Sources */,
				27D01E8A1F31EFF10004E57E /* Frameworks */,
				27D01E8B1F31EFF10004E57E /* Resources */,
			);
			buildRules = (
			);
			dependencies = (
			);
			name = Project33;
			productName = Project33;
			productReference = 27D01E8D1F31EFF10004E57E /* Project33.app */;
			productType = "com.apple.product-type.application";
		};
/* End PBXNativeTarget section */

/* Begin PBXProject section */
		27D01E851F31EFF10004E57E /* Project object */ = {
			isa = PBXProject;
			attributes = {
				LastSwiftUpdateCheck = 0830;
				LastUpgradeCheck = 0830;
				ORGANIZATIONNAME = "Chappy-App";
				TargetAttributes = {
					27D01E8C1F31EFF10004E57E = {
						CreatedOnToolsVersion = 8.3.3;
						DevelopmentTeam = 4WU9L65MXB;
						ProvisioningStyle = Automatic;
					};
				};
			};
			buildConfigurationList = 27D01E881F31EFF10004E57E /* Build configuration list for PBXProject "Project33" */;
			compatibilityVersion = "Xcode 3.2";
			developmentRegion = English;
			hasScannedForEncodings = 0;
			knownRegions = (
				en,
				Base,
			);
			mainGroup = 27D01E841F31EFF10004E57E;
			productRefGroup = 27D01E8E1F31EFF10004E57E /* Products */;
			projectDirPath = "";
			projectRoot = "";
			targets = (
				27D01E8C1F31EFF10004E57E /* Project33 */,
			);
		};
/* End PBXProject section */

/* Begin PBXResourcesBuildPhase section */
		27D01E8B1F31EFF10004E57E /* Resources */ = {
			isa = PBXResourcesBuildPhase;
			buildActionMask = 2147483647;
			files = (
				27D01E9B1F31EFF10004E57E /* LaunchScreen.storyboard in Resources */,
				27D01E981F31EFF10004E57E /* Assets.xcassets in Resources */,
				27D01E961F31EFF10004E57E /* Main.storyboard in Resources */,
			);
			runOnlyForDeploymentPostprocessing = 0;
		};
/* End PBXResourcesBuildPhase section */

/* Begin PBXSourcesBuildPhase section */
		27D01E891F31EFF10004E57E /* Sources */ = {
			isa = PBXSourcesBuildPhase;
			buildActionMask = 2147483647;
			files = (
				27D01E931F31EFF10004E57E /* ViewController.swift in Sources */,
				27D01E911F31EFF10004E57E /* AppDelegate.swift in Sources */,
				277CBFF81F326FEE00090B59 /* RecordWhistleViewController.swift in Sources */,
			);
			runOnlyForDeploymentPostprocessing = 0;
		};
/* End PBXSourcesBuildPhase section */

/* Begin PBXVariantGroup section */
		27D01E941F31EFF10004E57E /* Main.storyboard */ = {
			isa = PBXVariantGroup;
			children = (
				27D01E951F31EFF10004E57E /* Base */,
			);
			name = Main.storyboard;
			sourceTree = "<group>";
		};
		27D01E991F31EFF10004E57E /* LaunchScreen.storyboard */ = {
			isa = PBXVariantGroup;
			children = (
				27D01E9A1F31EFF10004E57E /* Base */,
			);
			name = LaunchScreen.storyboard;
			sourceTree = "<group>";
		};
/* End PBXVariantGroup section */

/* Begin XCBuildConfiguration section */
		27D01E9D1F31EFF10004E57E /* Debug */ = {
			isa = XCBuildConfiguration;
			buildSettings = {
				ALWAYS_SEARCH_USER_PATHS = NO;
				CLANG_ANALYZER_NONNULL = YES;
				CLANG_ANALYZER_NUMBER_OBJECT_CONVERSION = YES_AGGRESSIVE;
				CLANG_CXX_LANGUAGE_STANDARD = "gnu++0x";
				CLANG_CXX_LIBRARY = "libc++";
				CLANG_ENABLE_MODULES = YES;
				CLANG_ENABLE_OBJC_ARC = YES;
				CLANG_WARN_BOOL_CONVERSION = YES;
				CLANG_WARN_CONSTANT_CONVERSION = YES;
				CLANG_WARN_DIRECT_OBJC_ISA_USAGE = YES_ERROR;
				CLANG_WARN_DOCUMENTATION_COMMENTS = YES;
				CLANG_WARN_EMPTY_BODY = YES;
				CLANG_WARN_ENUM_CONVERSION = YES;
				CLANG_WARN_INFINITE_RECURSION = YES;
				CLANG_WARN_INT_CONVERSION = YES;
				CLANG_WARN_OBJC_ROOT_CLASS = YES_ERROR;
				CLANG_WARN_SUSPICIOUS_MOVE = YES;
				CLANG_WARN_UNREACHABLE_CODE = YES;
				CLANG_WARN__DUPLICATE_METHOD_MATCH = YES;
				"CODE_SIGN_IDENTITY[sdk=iphoneos*]" = "iPhone Developer";
				COPY_PHASE_STRIP = NO;
				DEBUG_INFORMATION_FORMAT = dwarf;
				ENABLE_STRICT_OBJC_MSGSEND = YES;
				ENABLE_TESTABILITY = YES;
				GCC_C_LANGUAGE_STANDARD = gnu99;
				GCC_DYNAMIC_NO_PIC = NO;
				GCC_NO_COMMON_BLOCKS = YES;
				GCC_OPTIMIZATION_LEVEL = 0;
				GCC_PREPROCESSOR_DEFINITIONS = (
					"DEBUG=1",
					"$(inherited)",
				);
				GCC_WARN_64_TO_32_BIT_CONVERSION = YES;
				GCC_WARN_ABOUT_RETURN_TYPE = YES_ERROR;
				GCC_WARN_UNDECLARED_SELECTOR = YES;
				GCC_WARN_UNINITIALIZED_AUTOS = YES_AGGRESSIVE;
				GCC_WARN_UNUSED_FUNCTION = YES;
				GCC_WARN_UNUSED_VARIABLE = YES;
				IPHONEOS_DEPLOYMENT_TARGET = 10.3;
				MTL_ENABLE_DEBUG_INFO = YES;
				ONLY_ACTIVE_ARCH = YES;
				SDKROOT = iphoneos;
				SWIFT_ACTIVE_COMPILATION_CONDITIONS = DEBUG;
				SWIFT_OPTIMIZATION_LEVEL = "-Onone";
			};
			name = Debug;
		};
		27D01E9E1F31EFF10004E57E /* Release */ = {
			isa = XCBuildConfiguration;
			buildSettings = {
				ALWAYS_SEARCH_USER_PATHS = NO;
				CLANG_ANALYZER_NONNULL = YES;
				CLANG_ANALYZER_NUMBER_OBJECT_CONVERSION = YES_AGGRESSIVE;
				CLANG_CXX_LANGUAGE_STANDARD = "gnu++0x";
				CLANG_CXX_LIBRARY = "libc++";
				CLANG_ENABLE_MODULES = YES;
				CLANG_ENABLE_OBJC_ARC = YES;
				CLANG_WARN_BOOL_CONVERSION = YES;
				CLANG_WARN_CONSTANT_CONVERSION = YES;
				CLANG_WARN_DIRECT_OBJC_ISA_USAGE = YES_ERROR;
				CLANG_WARN_DOCUMENTATION_COMMENTS = YES;
				CLANG_WARN_EMPTY_BODY = YES;
				CLANG_WARN_ENUM_CONVERSION = YES;
				CLANG_WARN_INFINITE_RECURSION = YES;
				CLANG_WARN_INT_CONVERSION = YES;
				CLANG_WARN_OBJC_ROOT_CLASS = YES_ERROR;
				CLANG_WARN_SUSPICIOUS_MOVE = YES;
				CLANG_WARN_UNREACHABLE_CODE = YES;
				CLANG_WARN__DUPLICATE_METHOD_MATCH = YES;
				"CODE_SIGN_IDENTITY[sdk=iphoneos*]" = "iPhone Developer";
				COPY_PHASE_STRIP = NO;
				DEBUG_INFORMATION_FORMAT = "dwarf-with-dsym";
				ENABLE_NS_ASSERTIONS = NO;
				ENABLE_STRICT_OBJC_MSGSEND = YES;
				GCC_C_LANGUAGE_STANDARD = gnu99;
				GCC_NO_COMMON_BLOCKS = YES;
				GCC_WARN_64_TO_32_BIT_CONVERSION = YES;
				GCC_WARN_ABOUT_RETURN_TYPE = YES_ERROR;
				GCC_WARN_UNDECLARED_SELECTOR = YES;
				GCC_WARN_UNINITIALIZED_AUTOS = YES_AGGRESSIVE;
				GCC_WARN_UNUSED_FUNCTION = YES;
				GCC_WARN_UNUSED_VARIABLE = YES;
				IPHONEOS_DEPLOYMENT_TARGET = 10.3;
				MTL_ENABLE_DEBUG_INFO = NO;
				SDKROOT = iphoneos;
				SWIFT_OPTIMIZATION_LEVEL = "-Owholemodule";
				VALIDATE_PRODUCT = YES;
			};
			name = Release;
		};
		27D01EA01F31EFF10004E57E /* Debug */ = {
			isa = XCBuildConfiguration;
			buildSettings = {
				ASSETCATALOG_COMPILER_APPICON_NAME = AppIcon;
				DEVELOPMENT_TEAM = 4WU9L65MXB;
				INFOPLIST_FILE = Project33/Info.plist;
				LD_RUNPATH_SEARCH_PATHS = "$(inherited) @executable_path/Frameworks";
				PRODUCT_BUNDLE_IDENTIFIER = "com.Chappy-App.Project33";
				PRODUCT_NAME = "$(TARGET_NAME)";
				SWIFT_VERSION = 3.0;
			};
			name = Debug;
		};
		27D01EA11F31EFF10004E57E /* Release */ = {
			isa = XCBuildConfiguration;
			buildSettings = {
				ASSETCATALOG_COMPILER_APPICON_NAME = AppIcon;
				DEVELOPMENT_TEAM = 4WU9L65MXB;
				INFOPLIST_FILE = Project33/Info.plist;
				LD_RUNPATH_SEARCH_PATHS = "$(inherited) @executable_path/Frameworks";
				PRODUCT_BUNDLE_IDENTIFIER = "com.Chappy-App.Project33";
				PRODUCT_NAME = "$(TARGET_NAME)";
				SWIFT_VERSION = 3.0;
			};
			name = Release;
		};
/* End XCBuildConfiguration section */

/* Begin XCConfigurationList section */
		27D01E881F31EFF10004E57E /* Build configuration list for PBXProject "Project33" */ = {
			isa = XCConfigurationList;
			buildConfigurations = (
				27D01E9D1F31EFF10004E57E /* Debug */,
				27D01E9E1F31EFF10004E57E /* Release */,
			);
			defaultConfigurationIsVisible = 0;
			defaultConfigurationName = Release;
		};
		27D01E9F1F31EFF10004E57E /* Build configuration list for PBXNativeTarget "Project33" */ = {
			isa = XCConfigurationList;
			buildConfigurations = (
				27D01EA01F31EFF10004E57E /* Debug */,
				27D01EA11F31EFF10004E57E /* Release */,
			);
			defaultConfigurationIsVisible = 0;
			defaultConfigurationName = Release;
		};
/* End XCConfigurationList section */
	};
	rootObject = 27D01E851F31EFF10004E57E /* Project object */;
}
